
Microsoft Visual Studio Solution File, Format Version 12.00
# Visual Studio Version 16
VisualStudioVersion = 16.0.32002.261
MinimumVisualStudioVersion = 10.0.40219.1
Project("{9A19103F-16F7-4668-BE54-9A1E7A4F7556}") = "GetStarted.Mvc", "GetStarted.Mvc\GetStarted.Mvc.csproj", "{28715BB9-29F9-4588-9ED1-627E00388582}"
EndProject
Project("{9A19103F-16F7-4668-BE54-9A1E7A4F7556}") = "GetStarted.Wasm", "GetStarted.Wasm\GetStarted.Wasm.csproj", "{E2DB3BF8-9835-4A07-A330-D8E579524F26}"
EndProject
Global
	GlobalSection(SolutionConfigurationPlatforms) = preSolution
		Debug|Any CPU = Debug|Any CPU
		Release|Any CPU = Release|Any CPU
	EndGlobalSection
	GlobalSection(ProjectConfigurationPlatforms) = postSolution
		{28715BB9-29F9-4588-9ED1-627E00388582}.Debug|Any CPU.ActiveCfg = Debug|Any CPU
		{28715BB9-29F9-4588-9ED1-627E00388582}.Debug|Any CPU.Build.0 = Debug|Any CPU
		{28715BB9-29F9-4588-9ED1-627E00388582}.Release|Any CPU.ActiveCfg = Release|Any CPU
		{28715BB9-29F9-4588-9ED1-627E00388582}.Release|Any CPU.Build.0 = Release|Any CPU
		{E2DB3BF8-9835-4A07-A330-D8E579524F26}.Debug|Any CPU.ActiveCfg = Debug|Any CPU
		{E2DB3BF8-9835-4A07-A330-D8E579524F26}.Debug|Any CPU.Build.0 = Debug|Any CPU
		{E2DB3BF8-9835-4A07-A330-D8E579524F26}.Release|Any CPU.ActiveCfg = Release|Any CPU
		{E2DB3BF8-9835-4A07-A330-D8E579524F26}.Release|Any CPU.Build.0 = Release|Any CPU
	EndGlobalSection
	GlobalSection(SolutionProperties) = preSolution
		HideSolutionNode = FALSE
	EndGlobalSection
	GlobalSection(ExtensibilityGlobals) = postSolution
		SolutionGuid = {81E25BA0-126A-4B55-A6C5-605AA8367D0B}
	EndGlobalSection
EndGlobal
